%{"connection": {:hex, :connection, "1.0.3", "3145f7416be3df248a4935f24e3221dc467c1e3a158d62015b35bd54da365786", [:mix], []},
  "json": {:hex, :json, "0.3.3", "373eb4f7321f898ad6772999f30daf65f9f38e1d3dd4d798d7a82d3b123fe1d3", [:mix], []},
  "mongodb": {:hex, :mongodb, "0.1.1", "8737d8f57466b4171f8216f76aa1ab3855d55220b19a1a248fedc96c9f50c274", [:mix], [{:poolboy, "~> 1.5", [hex: :poolboy, optional: true]}, {:connection, "~> 1.0", [hex: :connection, optional: false]}]},
  "poolboy": {:hex, :poolboy, "1.5.1", "6b46163901cfd0a1b43d692657ed9d7e599853b3b21b95ae5ae0a777cf9b6ca8", [:rebar], []}}
